
Microsoft Visual Studio Solution File, Format Version 12.00
# Visual Studio Version 16
VisualStudioVersion = 16.0.29519.87
MinimumVisualStudioVersion = 10.0.40219.1
Project("{FAE04EC0-301F-11D3-BF4B-00C04F79EFBC}") = "UtThienWeb", "UtThienWeb\UtThienWeb.csproj", "{225A29AC-C158-4195-8257-3A034BFE6143}"
EndProject
Global
	GlobalSection(SolutionConfigurationPlatforms) = preSolution
		Debug|Any CPU = Debug|Any CPU
		Release|Any CPU = Release|Any CPU
	EndGlobalSection
	GlobalSection(ProjectConfigurationPlatforms) = postSolution
		{225A29AC-C158-4195-8257-3A034BFE6143}.Debug|Any CPU.ActiveCfg = Debug|Any CPU
		{225A29AC-C158-4195-8257-3A034BFE6143}.Debug|Any CPU.Build.0 = Debug|Any CPU
		{225A29AC-C158-4195-8257-3A034BFE6143}.Release|Any CPU.ActiveCfg = Release|Any CPU
		{225A29AC-C158-4195-8257-3A034BFE6143}.Release|Any CPU.Build.0 = Release|Any CPU
	EndGlobalSection
	GlobalSection(SolutionProperties) = preSolution
		HideSolutionNode = FALSE
	EndGlobalSection
	GlobalSection(ExtensibilityGlobals) = postSolution
		SolutionGuid = {67F47A3A-FF60-4414-A6BE-970A16C22AD6}
	EndGlobalSection
EndGlobal
